Microsoft Visual Studio Solution File, Format Version 12.00
# Visual Studio Version 17
VisualStudioVersion = 17.5.2.0
MinimumVisualStudioVersion = 10.0.40219.1
Project("{FAE04EC0-301F-11D3-BF4B-00C04F79EFBC}") = "MediSyncApi", "MediSyncApi.csproj", "{4A0DF8FD-E854-55D6-F609-D9B37FDAA302}"
EndProject
Global
	GlobalSection(SolutionConfigurationPlatforms) = preSolution
		Debug|Any CPU = Debug|Any CPU
		Release|Any CPU = Release|Any CPU
	EndGlobalSection
	GlobalSection(ProjectConfigurationPlatforms) = postSolution
		{4A0DF8FD-E854-55D6-F609-D9B37FDAA302}.Debug|Any CPU.ActiveCfg = Debug|Any CPU
		{4A0DF8FD-E854-55D6-F609-D9B37FDAA302}.Debug|Any CPU.Build.0 = Debug|Any CPU
		{4A0DF8FD-E854-55D6-F609-D9B37FDAA302}.Release|Any CPU.ActiveCfg = Release|Any CPU
		{4A0DF8FD-E854-55D6-F609-D9B37FDAA302}.Release|Any CPU.Build.0 = Release|Any CPU
	EndGlobalSection
	GlobalSection(SolutionProperties) = preSolution
		HideSolutionNode = FALSE
	EndGlobalSection
	GlobalSection(ExtensibilityGlobals) = postSolution
		SolutionGuid = {68A8EC0B-75A7-4603-BB3C-F29BA4D4F435}
	EndGlobalSection
EndGlobal
